
Microsoft Visual Studio Solution File, Format Version 12.00
# Visual Studio Version 16
VisualStudioVersion = 16.0.31129.286
MinimumVisualStudioVersion = 10.0.40219.1
Project("{FAE04EC0-301F-11D3-BF4B-00C04F79EFBC}") = "OOP2V22022", "OOP2V22022\OOP2V22022.csproj", "{DF23CD09-B5D7-4547-AC34-021392FEE7F1}"
EndProject
Project("{FAE04EC0-301F-11D3-BF4B-00C04F79EFBC}") = "OOPV22022z2", "OOPV22022z2\OOPV22022z2.csproj", "{5077BB74-227D-44EB-AD7B-A5344A8BA844}"
EndProject
Project("{FAE04EC0-301F-11D3-BF4B-00C04F79EFBC}") = "Generics", "Generics\Generics.csproj", "{F6AB6033-87B6-40CA-A1DA-228903CC5C8D}"
EndProject
Global
	GlobalSection(SolutionConfigurationPlatforms) = preSolution
		Debug|Any CPU = Debug|Any CPU
		Release|Any CPU = Release|Any CPU
	EndGlobalSection
	GlobalSection(ProjectConfigurationPlatforms) = postSolution
		{DF23CD09-B5D7-4547-AC34-021392FEE7F1}.Debug|Any CPU.ActiveCfg = Debug|Any CPU
		{DF23CD09-B5D7-4547-AC34-021392FEE7F1}.Debug|Any CPU.Build.0 = Debug|Any CPU
		{DF23CD09-B5D7-4547-AC34-021392FEE7F1}.Release|Any CPU.ActiveCfg = Release|Any CPU
		{DF23CD09-B5D7-4547-AC34-021392FEE7F1}.Release|Any CPU.Build.0 = Release|Any CPU
		{5077BB74-227D-44EB-AD7B-A5344A8BA844}.Debug|Any CPU.ActiveCfg = Debug|Any CPU
		{5077BB74-227D-44EB-AD7B-A5344A8BA844}.Debug|Any CPU.Build.0 = Debug|Any CPU
		{5077BB74-227D-44EB-AD7B-A5344A8BA844}.Release|Any CPU.ActiveCfg = Release|Any CPU
		{5077BB74-227D-44EB-AD7B-A5344A8BA844}.Release|Any CPU.Build.0 = Release|Any CPU
		{F6AB6033-87B6-40CA-A1DA-228903CC5C8D}.Debug|Any CPU.ActiveCfg = Debug|Any CPU
		{F6AB6033-87B6-40CA-A1DA-228903CC5C8D}.Debug|Any CPU.Build.0 = Debug|Any CPU
		{F6AB6033-87B6-40CA-A1DA-228903CC5C8D}.Release|Any CPU.ActiveCfg = Release|Any CPU
		{F6AB6033-87B6-40CA-A1DA-228903CC5C8D}.Release|Any CPU.Build.0 = Release|Any CPU
	EndGlobalSection
	GlobalSection(SolutionProperties) = preSolution
		HideSolutionNode = FALSE
	EndGlobalSection
	GlobalSection(ExtensibilityGlobals) = postSolution
		SolutionGuid = {5D02FEC3-7E30-40B4-9668-1B18EF8BE7CD}
	EndGlobalSection
EndGlobal
