
Microsoft Visual Studio Solution File, Format Version 12.00
# Visual Studio Version 16
VisualStudioVersion = 16.0.31129.286
MinimumVisualStudioVersion = 10.0.40219.1
Project("{FAE04EC0-301F-11D3-BF4B-00C04F79EFBC}") = "OOP2V8", "OOP2V8\OOP2V8.csproj", "{06F06809-2752-447E-BFE1-43F587563DF3}"
EndProject
Project("{FAE04EC0-301F-11D3-BF4B-00C04F79EFBC}") = "OOP2V8Z2", "OOP2V8Z2\OOP2V8Z2.csproj", "{CE25EE3A-F447-4749-AC21-43692535848C}"
EndProject
Project("{FAE04EC0-301F-11D3-BF4B-00C04F79EFBC}") = "OOP2V8Z3", "OOP2V8Z3\OOP2V8Z3.csproj", "{CF66779A-35B1-41E1-9D6C-2E8FEB4258C4}"
EndProject
Global
	GlobalSection(SolutionConfigurationPlatforms) = preSolution
		Debug|Any CPU = Debug|Any CPU
		Release|Any CPU = Release|Any CPU
	EndGlobalSection
	GlobalSection(ProjectConfigurationPlatforms) = postSolution
		{06F06809-2752-447E-BFE1-43F587563DF3}.Debug|Any CPU.ActiveCfg = Debug|Any CPU
		{06F06809-2752-447E-BFE1-43F587563DF3}.Debug|Any CPU.Build.0 = Debug|Any CPU
		{06F06809-2752-447E-BFE1-43F587563DF3}.Release|Any CPU.ActiveCfg = Release|Any CPU
		{06F06809-2752-447E-BFE1-43F587563DF3}.Release|Any CPU.Build.0 = Release|Any CPU
		{CE25EE3A-F447-4749-AC21-43692535848C}.Debug|Any CPU.ActiveCfg = Debug|Any CPU
		{CE25EE3A-F447-4749-AC21-43692535848C}.Debug|Any CPU.Build.0 = Debug|Any CPU
		{CE25EE3A-F447-4749-AC21-43692535848C}.Release|Any CPU.ActiveCfg = Release|Any CPU
		{CE25EE3A-F447-4749-AC21-43692535848C}.Release|Any CPU.Build.0 = Release|Any CPU
		{CF66779A-35B1-41E1-9D6C-2E8FEB4258C4}.Debug|Any CPU.ActiveCfg = Debug|Any CPU
		{CF66779A-35B1-41E1-9D6C-2E8FEB4258C4}.Debug|Any CPU.Build.0 = Debug|Any CPU
		{CF66779A-35B1-41E1-9D6C-2E8FEB4258C4}.Release|Any CPU.ActiveCfg = Release|Any CPU
		{CF66779A-35B1-41E1-9D6C-2E8FEB4258C4}.Release|Any CPU.Build.0 = Release|Any CPU
	EndGlobalSection
	GlobalSection(SolutionProperties) = preSolution
		HideSolutionNode = FALSE
	EndGlobalSection
	GlobalSection(ExtensibilityGlobals) = postSolution
		SolutionGuid = {0D9C4CD1-5102-46AD-BBED-B647EBE229CF}
	EndGlobalSection
EndGlobal
